// !$*UTF8*$!
{
	archiveVersion = 1;
	classes = {
	};
	objectVersion = 54;
	objects = {

/* Begin PBXBuildFile section */
		016D359A24FC58A3001F9C66 /* MakeBooksHelp.help in Resources */ = {isa = PBXBuildFile; fileRef = 016D359924FC58A3001F9C66 /* MakeBooksHelp.help */; };
		01F66C8124E9D56C00E80869 /* MakeBooksApp.swift in Sources */ = {isa = PBXBuildFile; fileRef = 01F66C8024E9D56C00E80869 /* MakeBooksApp.swift */; };
		D71F5869244368C00021D95F /* BooksView.swift in Sources */ = {isa = PBXBuildFile; fileRef = D71F5868244368C00021D95F /* BooksView.swift */; };
		D7252FC0299FD8AA005EDF8C /* make in Resources */ = {isa = PBXBuildFile; fileRef = D7252FB8299FD8A9005EDF8C /* make */; };
		D7252FC2299FD8AA005EDF8C /* config.zsh in Resources */ = {isa = PBXBuildFile; fileRef = D7252FBA299FD8AA005EDF8C /* config.zsh */; };
		D7252FC3299FD8AA005EDF8C /* includes in Resources */ = {isa = PBXBuildFile; fileRef = D7252FBB299FD8AA005EDF8C /* includes */; };
		D7252FC4299FD8AA005EDF8C /* pandoc in Resources */ = {isa = PBXBuildFile; fileRef = D7252FBC299FD8AA005EDF8C /* pandoc */; };
		D7252FC5299FD8AA005EDF8C /* terminal in Resources */ = {isa = PBXBuildFile; fileRef = D7252FBD299FD8AA005EDF8C /* terminal */; };
		D7252FC6299FD8AA005EDF8C /* texmf in Resources */ = {isa = PBXBuildFile; fileRef = D7252FBE299FD8AA005EDF8C /* texmf */; };
		D7252FC7299FD8AA005EDF8C /* fonts in Resources */ = {isa = PBXBuildFile; fileRef = D7252FBF299FD8AA005EDF8C /* fonts */; };
		D739D2CA23B36419006EF379 /* OptionsView.swift in Sources */ = {isa = PBXBuildFile; fileRef = D739D2C923B36419006EF379 /* OptionsView.swift */; };
		D739D2CC23B3641A006EF379 /* Assets.xcassets in Resources */ = {isa = PBXBuildFile; fileRef = D739D2CB23B3641A006EF379 /* Assets.xcassets */; };
		D739D2CF23B3641A006EF379 /* Preview Assets.xcassets in Resources */ = {isa = PBXBuildFile; fileRef = D739D2CE23B3641A006EF379 /* Preview Assets.xcassets */; };
		D73FCFBD2439A4D600FE6897 /* SettingsView.swift in Sources */ = {isa = PBXBuildFile; fileRef = D73FCFBC2439A4D600FE6897 /* SettingsView.swift */; };
		D74D4FC325F2CE7E005AF488 /* Credits.rtf in Resources */ = {isa = PBXBuildFile; fileRef = D74D4FC225F2CE7E005AF488 /* Credits.rtf */; };
		D75E51B52A38932100724F4D /* BooksModel.swift in Sources */ = {isa = PBXBuildFile; fileRef = D75E51B42A38932100724F4D /* BooksModel.swift */; };
		D75E51B92A38E11900724F4D /* MakeOptionsModel.swift in Sources */ = {isa = PBXBuildFile; fileRef = D75E51B82A38E11900724F4D /* MakeOptionsModel.swift */; };
		D75E51BB2A38E54900724F4D /* ScriptsModel.swift in Sources */ = {isa = PBXBuildFile; fileRef = D75E51BA2A38E54900724F4D /* ScriptsModel.swift */; };
		D75E51BF2A38EB2100724F4D /* AppStateModel.swift in Sources */ = {isa = PBXBuildFile; fileRef = D75E51BE2A38EB2100724F4D /* AppStateModel.swift */; };
		D7622D232450DBA700F9DABC /* ActionsView.swift in Sources */ = {isa = PBXBuildFile; fileRef = D7622D222450DBA700F9DABC /* ActionsView.swift */; };
		D776A7862A3A2BC100C1630C /* SwiftlyFolderUtilities in Frameworks */ = {isa = PBXBuildFile; productRef = D776A7852A3A2BC100C1630C /* SwiftlyFolderUtilities */; };
		D78704EE2447BBFB00AE2E97 /* ContentView.swift in Sources */ = {isa = PBXBuildFile; fileRef = D78704ED2447BBFB00AE2E97 /* ContentView.swift */; };
		D7941C562A3938CA0070DF89 /* Terminal.swift in Sources */ = {isa = PBXBuildFile; fileRef = D7941C552A3938CA0070DF89 /* Terminal.swift */; };
		D7AC56EE25D5729700AFD713 /* DropView.swift in Sources */ = {isa = PBXBuildFile; fileRef = D7AC56ED25D5729700AFD713 /* DropView.swift */; };
		D7C9EF91244CC31F004589AE /* SharedFunctions.swift in Sources */ = {isa = PBXBuildFile; fileRef = D7C9EF90244CC31F004589AE /* SharedFunctions.swift */; };
		D7D3FCFB24399D9D00965BAE /* LogView.swift in Sources */ = {isa = PBXBuildFile; fileRef = D7D3FCFA24399D9D00965BAE /* LogView.swift */; };
/* End PBXBuildFile section */

/* Begin PBXFileReference section */
		016D359924FC58A3001F9C66 /* MakeBooksHelp.help */ = {isa = PBXFileReference; lastKnownFileType = folder; path = MakeBooksHelp.help; sourceTree = "<group>"; };
		01F66C8024E9D56C00E80869 /* MakeBooksApp.swift */ = {isa = PBXFileReference; fileEncoding = 4; lastKnownFileType = sourcecode.swift; path = MakeBooksApp.swift; sourceTree = "<group>"; };
		D704B53E24506D4E00470582 /* MakeBooksDebug.entitlements */ = {isa = PBXFileReference; fileEncoding = 4; lastKnownFileType = text.plist.entitlements; path = MakeBooksDebug.entitlements; sourceTree = "<group>"; };
		D71F5868244368C00021D95F /* BooksView.swift */ = {isa = PBXFileReference; lastKnownFileType = sourcecode.swift; path = BooksView.swift; sourceTree = "<group>"; };
		D723611726A08205005C8CB2 /* .swiftlint.yml */ = {isa = PBXFileReference; lastKnownFileType = text.yaml; path = .swiftlint.yml; sourceTree = "<group>"; };
		D7252FB8299FD8A9005EDF8C /* make */ = {isa = PBXFileReference; lastKnownFileType = folder; name = make; path = ../../../make; sourceTree = "<group>"; };
		D7252FB9299FD8A9005EDF8C /* kobo */ = {isa = PBXFileReference; lastKnownFileType = folder; name = kobo; path = ../../../kobo; sourceTree = "<group>"; };
		D7252FBA299FD8AA005EDF8C /* config.zsh */ = {isa = PBXFileReference; fileEncoding = 4; lastKnownFileType = text.script.sh; name = config.zsh; path = ../../../config.zsh; sourceTree = "<group>"; };
		D7252FBB299FD8AA005EDF8C /* includes */ = {isa = PBXFileReference; lastKnownFileType = folder; name = includes; path = ../../../includes; sourceTree = "<group>"; };
		D7252FBC299FD8AA005EDF8C /* pandoc */ = {isa = PBXFileReference; lastKnownFileType = folder; name = pandoc; path = ../../../pandoc; sourceTree = "<group>"; };
		D7252FBD299FD8AA005EDF8C /* terminal */ = {isa = PBXFileReference; lastKnownFileType = folder; name = terminal; path = ../../../terminal; sourceTree = "<group>"; };
		D7252FBE299FD8AA005EDF8C /* texmf */ = {isa = PBXFileReference; lastKnownFileType = folder; name = texmf; path = ../../../texmf; sourceTree = "<group>"; };
		D7252FBF299FD8AA005EDF8C /* fonts */ = {isa = PBXFileReference; lastKnownFileType = folder; name = fonts; path = ../../../fonts; sourceTree = "<group>"; };
		D739D2C423B36419006EF379 /* Make Books.app */ = {isa = PBXFileReference; explicitFileType = wrapper.application; includeInIndex = 0; path = "Make Books.app"; sourceTree = BUILT_PRODUCTS_DIR; };
		D739D2C923B36419006EF379 /* OptionsView.swift */ = {isa = PBXFileReference; lastKnownFileType = sourcecode.swift; path = OptionsView.swift; sourceTree = "<group>"; };
		D739D2CB23B3641A006EF379 /* Assets.xcassets */ = {isa = PBXFileReference; lastKnownFileType = folder.assetcatalog; path = Assets.xcassets; sourceTree = "<group>"; };
		D739D2CE23B3641A006EF379 /* Preview Assets.xcassets */ = {isa = PBXFileReference; lastKnownFileType = folder.assetcatalog; path = "Preview Assets.xcassets"; sourceTree = "<group>"; };
		D739D2D323B3641A006EF379 /* Info.plist */ = {isa = PBXFileReference; lastKnownFileType = text.plist.xml; path = Info.plist; sourceTree = "<group>"; };
		D739D2D423B3641A006EF379 /* MakeBooks.entitlements */ = {isa = PBXFileReference; lastKnownFileType = text.plist.entitlements; path = MakeBooks.entitlements; sourceTree = "<group>"; };
		D73FCFBC2439A4D600FE6897 /* SettingsView.swift */ = {isa = PBXFileReference; lastKnownFileType = sourcecode.swift; path = SettingsView.swift; sourceTree = "<group>"; };
		D74D4FC225F2CE7E005AF488 /* Credits.rtf */ = {isa = PBXFileReference; fileEncoding = 4; lastKnownFileType = text.rtf; path = Credits.rtf; sourceTree = "<group>"; };
		D75E51B42A38932100724F4D /* BooksModel.swift */ = {isa = PBXFileReference; lastKnownFileType = sourcecode.swift; path = BooksModel.swift; sourceTree = "<group>"; };
		D75E51B82A38E11900724F4D /* MakeOptionsModel.swift */ = {isa = PBXFileReference; lastKnownFileType = sourcecode.swift; path = MakeOptionsModel.swift; sourceTree = "<group>"; };
		D75E51BA2A38E54900724F4D /* ScriptsModel.swift */ = {isa = PBXFileReference; lastKnownFileType = sourcecode.swift; path = ScriptsModel.swift; sourceTree = "<group>"; };
		D75E51BE2A38EB2100724F4D /* AppStateModel.swift */ = {isa = PBXFileReference; lastKnownFileType = sourcecode.swift; path = AppStateModel.swift; sourceTree = "<group>"; };
		D7622D222450DBA700F9DABC /* ActionsView.swift */ = {isa = PBXFileReference; fileEncoding = 4; lastKnownFileType = sourcecode.swift; path = ActionsView.swift; sourceTree = "<group>"; };
		D78704ED2447BBFB00AE2E97 /* ContentView.swift */ = {isa = PBXFileReference; lastKnownFileType = sourcecode.swift; path = ContentView.swift; sourceTree = "<group>"; };
		D7941C552A3938CA0070DF89 /* Terminal.swift */ = {isa = PBXFileReference; lastKnownFileType = sourcecode.swift; path = Terminal.swift; sourceTree = "<group>"; };
		D7AC56ED25D5729700AFD713 /* DropView.swift */ = {isa = PBXFileReference; fileEncoding = 4; lastKnownFileType = sourcecode.swift; path = DropView.swift; sourceTree = "<group>"; };
		D7C9EF90244CC31F004589AE /* SharedFunctions.swift */ = {isa = PBXFileReference; lastKnownFileType = sourcecode.swift; path = SharedFunctions.swift; sourceTree = "<group>"; };
		D7D3FCFA24399D9D00965BAE /* LogView.swift */ = {isa = PBXFileReference; lastKnownFileType = sourcecode.swift; path = LogView.swift; sourceTree = "<group>"; };
/* End PBXFileReference section */

/* Begin PBXFrameworksBuildPhase section */
		D739D2C123B36419006EF379 /* Frameworks */ = {
			isa = PBXFrameworksBuildPhase;
			buildActionMask = 2147483647;
			files = (
				D776A7862A3A2BC100C1630C /* SwiftlyFolderUtilities in Frameworks */,
			);
			runOnlyForDeploymentPostprocessing = 0;
		};
/* End PBXFrameworksBuildPhase section */

/* Begin PBXGroup section */
		D739D2BB23B36419006EF379 = {
			isa = PBXGroup;
			children = (
				D723611726A08205005C8CB2 /* .swiftlint.yml */,
				D739D2C623B36419006EF379 /* Make Books */,
				D739D2C523B36419006EF379 /* Products */,
			);
			sourceTree = "<group>";
		};
		D739D2C523B36419006EF379 /* Products */ = {
			isa = PBXGroup;
			children = (
				D739D2C423B36419006EF379 /* Make Books.app */,
			);
			name = Products;
			sourceTree = "<group>";
		};
		D739D2C623B36419006EF379 /* Make Books */ = {
			isa = PBXGroup;
			children = (
				D7EFED3A25EF785800C70480 /* External */,
				016D359924FC58A3001F9C66 /* MakeBooksHelp.help */,
				01F66C8024E9D56C00E80869 /* MakeBooksApp.swift */,
				D7D2D8E02435851F00736F07 /* Includes */,
				D7D3FCFC2439A33800965BAE /* Views */,
				D739D2CB23B3641A006EF379 /* Assets.xcassets */,
				D739D2D323B3641A006EF379 /* Info.plist */,
				D704B53E24506D4E00470582 /* MakeBooksDebug.entitlements */,
				D739D2D423B3641A006EF379 /* MakeBooks.entitlements */,
				D739D2CD23B3641A006EF379 /* Preview Content */,
			);
			path = "Make Books";
			sourceTree = "<group>";
		};
		D739D2CD23B3641A006EF379 /* Preview Content */ = {
			isa = PBXGroup;
			children = (
				D739D2CE23B3641A006EF379 /* Preview Assets.xcassets */,
			);
			path = "Preview Content";
			sourceTree = "<group>";
		};
		D7D2D8E02435851F00736F07 /* Includes */ = {
			isa = PBXGroup;
			children = (
				D75E51BE2A38EB2100724F4D /* AppStateModel.swift */,
				D75E51B42A38932100724F4D /* BooksModel.swift */,
				D75E51B82A38E11900724F4D /* MakeOptionsModel.swift */,
				D75E51BA2A38E54900724F4D /* ScriptsModel.swift */,
				D7C9EF90244CC31F004589AE /* SharedFunctions.swift */,
				D7941C552A3938CA0070DF89 /* Terminal.swift */,
				D74D4FC225F2CE7E005AF488 /* Credits.rtf */,
			);
			path = Includes;
			sourceTree = "<group>";
		};
		D7D3FCFC2439A33800965BAE /* Views */ = {
			isa = PBXGroup;
			children = (
				D78704ED2447BBFB00AE2E97 /* ContentView.swift */,
				D71F5868244368C00021D95F /* BooksView.swift */,
				D739D2C923B36419006EF379 /* OptionsView.swift */,
				D7622D222450DBA700F9DABC /* ActionsView.swift */,
				D7AC56ED25D5729700AFD713 /* DropView.swift */,
				D73FCFBC2439A4D600FE6897 /* SettingsView.swift */,
				D7D3FCFA24399D9D00965BAE /* LogView.swift */,
			);
			path = Views;
			sourceTree = "<group>";
		};
		D7EFED3A25EF785800C70480 /* External */ = {
			isa = PBXGroup;
			children = (
				D7252FBA299FD8AA005EDF8C /* config.zsh */,
				D7252FBF299FD8AA005EDF8C /* fonts */,
				D7252FBB299FD8AA005EDF8C /* includes */,
				D7252FB9299FD8A9005EDF8C /* kobo */,
				D7252FB8299FD8A9005EDF8C /* make */,
				D7252FBC299FD8AA005EDF8C /* pandoc */,
				D7252FBD299FD8AA005EDF8C /* terminal */,
				D7252FBE299FD8AA005EDF8C /* texmf */,
			);
			path = External;
			sourceTree = "<group>";
		};
/* End PBXGroup section */

/* Begin PBXNativeTarget section */
		D739D2C323B36419006EF379 /* Make Books */ = {
			isa = PBXNativeTarget;
			buildConfigurationList = D739D2ED23B3641A006EF379 /* Build configuration list for PBXNativeTarget "Make Books" */;
			buildPhases = (
				D739D2C023B36419006EF379 /* Sources */,
				D739D2C123B36419006EF379 /* Frameworks */,
				D739D2C223B36419006EF379 /* Resources */,
				D723611626A076F4005C8CB2 /* ShellScript */,
			);
			buildRules = (
			);
			dependencies = (
			);
			name = "Make Books";
			packageProductDependencies = (
				D776A7852A3A2BC100C1630C /* SwiftlyFolderUtilities */,
			);
			productName = "Make books";
			productReference = D739D2C423B36419006EF379 /* Make Books.app */;
			productType = "com.apple.product-type.application";
		};
/* End PBXNativeTarget section */

/* Begin PBXProject section */
		D739D2BC23B36419006EF379 /* Project object */ = {
			isa = PBXProject;
			attributes = {
				BuildIndependentTargetsInParallel = YES;
				LastSwiftUpdateCheck = 1130;
				LastUpgradeCheck = 1430;
				ORGANIZATIONNAME = "";
				TargetAttributes = {
					D739D2C323B36419006EF379 = {
						CreatedOnToolsVersion = 11.3;
					};
				};
			};
			buildConfigurationList = D739D2BF23B36419006EF379 /* Build configuration list for PBXProject "Make Books" */;
			compatibilityVersion = "Xcode 12.0";
			developmentRegion = en;
			hasScannedForEncodings = 0;
			knownRegions = (
				en,
				Base,
			);
			mainGroup = D739D2BB23B36419006EF379;
			packageReferences = (
				D776A7842A3A2BC100C1630C /* XCRemoteSwiftPackageReference "SwiftlyFolderUtilities" */,
			);
			productRefGroup = D739D2C523B36419006EF379 /* Products */;
			projectDirPath = "";
			projectRoot = "";
			targets = (
				D739D2C323B36419006EF379 /* Make Books */,
			);
		};
/* End PBXProject section */

/* Begin PBXResourcesBuildPhase section */
		D739D2C223B36419006EF379 /* Resources */ = {
			isa = PBXResourcesBuildPhase;
			buildActionMask = 2147483647;
			files = (
				D7252FC0299FD8AA005EDF8C /* make in Resources */,
				016D359A24FC58A3001F9C66 /* MakeBooksHelp.help in Resources */,
				D739D2CF23B3641A006EF379 /* Preview Assets.xcassets in Resources */,
				D7252FC6299FD8AA005EDF8C /* texmf in Resources */,
				D74D4FC325F2CE7E005AF488 /* Credits.rtf in Resources */,
				D739D2CC23B3641A006EF379 /* Assets.xcassets in Resources */,
				D7252FC7299FD8AA005EDF8C /* fonts in Resources */,
				D7252FC4299FD8AA005EDF8C /* pandoc in Resources */,
				D7252FC5299FD8AA005EDF8C /* terminal in Resources */,
				D7252FC2299FD8AA005EDF8C /* config.zsh in Resources */,
				D7252FC3299FD8AA005EDF8C /* includes in Resources */,
			);
			runOnlyForDeploymentPostprocessing = 0;
		};
/* End PBXResourcesBuildPhase section */

/* Begin PBXShellScriptBuildPhase section */
		D723611626A076F4005C8CB2 /* ShellScript */ = {
			isa = PBXShellScriptBuildPhase;
			alwaysOutOfDate = 1;
			buildActionMask = 2147483647;
			files = (
			);
			inputFileListPaths = (
			);
			inputPaths = (
			);
			outputFileListPaths = (
			);
			outputPaths = (
			);
			runOnlyForDeploymentPostprocessing = 0;
			shellPath = /bin/sh;
			shellScript = "if which /opt/homebrew/bin/swiftlint >/dev/null; then\n  # swiftlint --enable-all-rules\n  # swiftlint autocorrect\n  /opt/homebrew/bin/swiftlint\nelse\n  echo \"warning: SwiftLint not installed, download from https://github.com/realm/SwiftLint\"\nfi\n";
		};
/* End PBXShellScriptBuildPhase section */

/* Begin PBXSourcesBuildPhase section */
		D739D2C023B36419006EF379 /* Sources */ = {
			isa = PBXSourcesBuildPhase;
			buildActionMask = 2147483647;
			files = (
				D7622D232450DBA700F9DABC /* ActionsView.swift in Sources */,
				D73FCFBD2439A4D600FE6897 /* SettingsView.swift in Sources */,
				D739D2CA23B36419006EF379 /* OptionsView.swift in Sources */,
				D71F5869244368C00021D95F /* BooksView.swift in Sources */,
				D7D3FCFB24399D9D00965BAE /* LogView.swift in Sources */,
				D75E51B92A38E11900724F4D /* MakeOptionsModel.swift in Sources */,
				D75E51BB2A38E54900724F4D /* ScriptsModel.swift in Sources */,
				D78704EE2447BBFB00AE2E97 /* ContentView.swift in Sources */,
				D7941C562A3938CA0070DF89 /* Terminal.swift in Sources */,
				01F66C8124E9D56C00E80869 /* MakeBooksApp.swift in Sources */,
				D75E51B52A38932100724F4D /* BooksModel.swift in Sources */,
				D7C9EF91244CC31F004589AE /* SharedFunctions.swift in Sources */,
				D7AC56EE25D5729700AFD713 /* DropView.swift in Sources */,
				D75E51BF2A38EB2100724F4D /* AppStateModel.swift in Sources */,
			);
			runOnlyForDeploymentPostprocessing = 0;
		};
/* End PBXSourcesBuildPhase section */

/* Begin XCBuildConfiguration section */
		D739D2EB23B3641A006EF379 /* Debug */ = {
			isa = XCBuildConfiguration;
			buildSettings = {
				ALWAYS_SEARCH_USER_PATHS = NO;
				CLANG_ANALYZER_NONNULL = YES;
				CLANG_ANALYZER_NUMBER_OBJECT_CONVERSION = YES_AGGRESSIVE;
				CLANG_CXX_LANGUAGE_STANDARD = "gnu++14";
				CLANG_CXX_LIBRARY = "libc++";
				CLANG_ENABLE_MODULES = YES;
				CLANG_ENABLE_OBJC_ARC = YES;
				CLANG_ENABLE_OBJC_WEAK = YES;
				CLANG_WARN_BLOCK_CAPTURE_AUTORELEASING = YES;
				CLANG_WARN_BOOL_CONVERSION = YES;
				CLANG_WARN_COMMA = YES;
				CLANG_WARN_CONSTANT_CONVERSION = YES;
				CLANG_WARN_DEPRECATED_OBJC_IMPLEMENTATIONS = YES;
				CLANG_WARN_DIRECT_OBJC_ISA_USAGE = YES_ERROR;
				CLANG_WARN_DOCUMENTATION_COMMENTS = YES;
				CLANG_WARN_EMPTY_BODY = YES;
				CLANG_WARN_ENUM_CONVERSION = YES;
				CLANG_WARN_INFINITE_RECURSION = YES;
				CLANG_WARN_INT_CONVERSION = YES;
				CLANG_WARN_NON_LITERAL_NULL_CONVERSION = YES;
				CLANG_WARN_OBJC_IMPLICIT_RETAIN_SELF = YES;
				CLANG_WARN_OBJC_LITERAL_CONVERSION = YES;
				CLANG_WARN_OBJC_ROOT_CLASS = YES_ERROR;
				CLANG_WARN_QUOTED_INCLUDE_IN_FRAMEWORK_HEADER = YES;
				CLANG_WARN_RANGE_LOOP_ANALYSIS = YES;
				CLANG_WARN_STRICT_PROTOTYPES = YES;
				CLANG_WARN_SUSPICIOUS_MOVE = YES;
				CLANG_WARN_UNGUARDED_AVAILABILITY = YES_AGGRESSIVE;
				CLANG_WARN_UNREACHABLE_CODE = YES;
				CLANG_WARN__DUPLICATE_METHOD_MATCH = YES;
				COPY_PHASE_STRIP = NO;
				DEAD_CODE_STRIPPING = YES;
				DEBUG_INFORMATION_FORMAT = dwarf;
				ENABLE_STRICT_OBJC_MSGSEND = YES;
				ENABLE_TESTABILITY = YES;
				GCC_C_LANGUAGE_STANDARD = gnu11;
				GCC_DYNAMIC_NO_PIC = NO;
				GCC_NO_COMMON_BLOCKS = YES;
				GCC_OPTIMIZATION_LEVEL = 0;
				GCC_PREPROCESSOR_DEFINITIONS = (
					"DEBUG=1",
					"$(inherited)",
				);
				GCC_WARN_64_TO_32_BIT_CONVERSION = YES;
				GCC_WARN_ABOUT_RETURN_TYPE = YES_ERROR;
				GCC_WARN_UNDECLARED_SELECTOR = YES;
				GCC_WARN_UNINITIALIZED_AUTOS = YES_AGGRESSIVE;
				GCC_WARN_UNUSED_FUNCTION = YES;
				GCC_WARN_UNUSED_VARIABLE = YES;
				MACOSX_DEPLOYMENT_TARGET = 13.3;
				MTL_ENABLE_DEBUG_INFO = INCLUDE_SOURCE;
				MTL_FAST_MATH = YES;
				ONLY_ACTIVE_ARCH = YES;
				SDKROOT = macosx;
				SWIFT_ACTIVE_COMPILATION_CONDITIONS = DEBUG;
				SWIFT_OPTIMIZATION_LEVEL = "-Onone";
			};
			name = Debug;
		};
		D739D2EC23B3641A006EF379 /* Release */ = {
			isa = XCBuildConfiguration;
			buildSettings = {
				ALWAYS_SEARCH_USER_PATHS = NO;
				CLANG_ANALYZER_NONNULL = YES;
				CLANG_ANALYZER_NUMBER_OBJECT_CONVERSION = YES_AGGRESSIVE;
				CLANG_CXX_LANGUAGE_STANDARD = "gnu++14";
				CLANG_CXX_LIBRARY = "libc++";
				CLANG_ENABLE_MODULES = YES;
				CLANG_ENABLE_OBJC_ARC = YES;
				CLANG_ENABLE_OBJC_WEAK = YES;
				CLANG_WARN_BLOCK_CAPTURE_AUTORELEASING = YES;
				CLANG_WARN_BOOL_CONVERSION = YES;
				CLANG_WARN_COMMA = YES;
				CLANG_WARN_CONSTANT_CONVERSION = YES;
				CLANG_WARN_DEPRECATED_OBJC_IMPLEMENTATIONS = YES;
				CLANG_WARN_DIRECT_OBJC_ISA_USAGE = YES_ERROR;
				CLANG_WARN_DOCUMENTATION_COMMENTS = YES;
				CLANG_WARN_EMPTY_BODY = YES;
				CLANG_WARN_ENUM_CONVERSION = YES;
				CLANG_WARN_INFINITE_RECURSION = YES;
				CLANG_WARN_INT_CONVERSION = YES;
				CLANG_WARN_NON_LITERAL_NULL_CONVERSION = YES;
				CLANG_WARN_OBJC_IMPLICIT_RETAIN_SELF = YES;
				CLANG_WARN_OBJC_LITERAL_CONVERSION = YES;
				CLANG_WARN_OBJC_ROOT_CLASS = YES_ERROR;
				CLANG_WARN_QUOTED_INCLUDE_IN_FRAMEWORK_HEADER = YES;
				CLANG_WARN_RANGE_LOOP_ANALYSIS = YES;
				CLANG_WARN_STRICT_PROTOTYPES = YES;
				CLANG_WARN_SUSPICIOUS_MOVE = YES;
				CLANG_WARN_UNGUARDED_AVAILABILITY = YES_AGGRESSIVE;
				CLANG_WARN_UNREACHABLE_CODE = YES;
				CLANG_WARN__DUPLICATE_METHOD_MATCH = YES;
				COPY_PHASE_STRIP = NO;
				DEAD_CODE_STRIPPING = YES;
				DEBUG_INFORMATION_FORMAT = "dwarf-with-dsym";
				ENABLE_NS_ASSERTIONS = NO;
				ENABLE_STRICT_OBJC_MSGSEND = YES;
				GCC_C_LANGUAGE_STANDARD = gnu11;
				GCC_NO_COMMON_BLOCKS = YES;
				GCC_WARN_64_TO_32_BIT_CONVERSION = YES;
				GCC_WARN_ABOUT_RETURN_TYPE = YES_ERROR;
				GCC_WARN_UNDECLARED_SELECTOR = YES;
				GCC_WARN_UNINITIALIZED_AUTOS = YES_AGGRESSIVE;
				GCC_WARN_UNUSED_FUNCTION = YES;
				GCC_WARN_UNUSED_VARIABLE = YES;
				MACOSX_DEPLOYMENT_TARGET = 13.3;
				MTL_ENABLE_DEBUG_INFO = NO;
				MTL_FAST_MATH = YES;
				SDKROOT = macosx;
				SWIFT_COMPILATION_MODE = wholemodule;
				SWIFT_OPTIMIZATION_LEVEL = "-O";
			};
			name = Release;
		};
		D739D2EE23B3641A006EF379 /* Debug */ = {
			isa = XCBuildConfiguration;
			buildSettings = {
				ASSETCATALOG_COMPILER_APPICON_NAME = AppIcon;
				CODE_SIGN_ENTITLEMENTS = "Make Books/MakeBooksDebug.entitlements";
				CODE_SIGN_IDENTITY = "Apple Development";
				CODE_SIGN_STYLE = Automatic;
				COMBINE_HIDPI_IMAGES = YES;
				DEAD_CODE_STRIPPING = YES;
				DEVELOPMENT_ASSET_PATHS = "\"Make Books/Preview Content\"";
				DEVELOPMENT_TEAM = FHPCJ7396C;
				ENABLE_HARDENED_RUNTIME = YES;
				ENABLE_PREVIEWS = YES;
				INFOPLIST_FILE = "Make Books/Info.plist";
				INFOPLIST_KEY_LSApplicationCategoryType = "public.app-category.books";
				LD_RUNPATH_SEARCH_PATHS = (
					"$(inherited)",
					"@executable_path/../Frameworks",
				);
				MACOSX_DEPLOYMENT_TARGET = 13.3;
				MARKETING_VERSION = 3.0;
				PRODUCT_BUNDLE_IDENTIFIER = "nl.desbeers.Make-Books";
				PRODUCT_NAME = "$(TARGET_NAME)";
				PROVISIONING_PROFILE_SPECIFIER = "";
				SWIFT_VERSION = 5.0;
			};
			name = Debug;
		};
		D739D2EF23B3641A006EF379 /* Release */ = {
			isa = XCBuildConfiguration;
			buildSettings = {
				ASSETCATALOG_COMPILER_APPICON_NAME = AppIcon;
				CODE_SIGN_ENTITLEMENTS = "Make Books/MakeBooks.entitlements";
				CODE_SIGN_IDENTITY = "Apple Development";
				CODE_SIGN_STYLE = Automatic;
				COMBINE_HIDPI_IMAGES = YES;
				DEAD_CODE_STRIPPING = YES;
				DEVELOPMENT_ASSET_PATHS = "\"Make Books/Preview Content\"";
				DEVELOPMENT_TEAM = FHPCJ7396C;
				ENABLE_HARDENED_RUNTIME = YES;
				ENABLE_PREVIEWS = YES;
				INFOPLIST_FILE = "Make Books/Info.plist";
				INFOPLIST_KEY_LSApplicationCategoryType = "public.app-category.books";
				LD_RUNPATH_SEARCH_PATHS = (
					"$(inherited)",
					"@executable_path/../Frameworks",
				);
				MACOSX_DEPLOYMENT_TARGET = 13.3;
				MARKETING_VERSION = 3.0;
				PRODUCT_BUNDLE_IDENTIFIER = "nl.desbeers.Make-Books";
				PRODUCT_NAME = "$(TARGET_NAME)";
				PROVISIONING_PROFILE_SPECIFIER = "";
				SWIFT_VERSION = 5.0;
			};
			name = Release;
		};
/* End XCBuildConfiguration section */

/* Begin XCConfigurationList section */
		D739D2BF23B36419006EF379 /* Build configuration list for PBXProject "Make Books" */ = {
			isa = XCConfigurationList;
			buildConfigurations = (
				D739D2EB23B3641A006EF379 /* Debug */,
				D739D2EC23B3641A006EF379 /* Release */,
			);
			defaultConfigurationIsVisible = 0;
			defaultConfigurationName = Release;
		};
		D739D2ED23B3641A006EF379 /* Build configuration list for PBXNativeTarget "Make Books" */ = {
			isa = XCConfigurationList;
			buildConfigurations = (
				D739D2EE23B3641A006EF379 /* Debug */,
				D739D2EF23B3641A006EF379 /* Release */,
			);
			defaultConfigurationIsVisible = 0;
			defaultConfigurationName = Release;
		};
/* End XCConfigurationList section */

/* Begin XCRemoteSwiftPackageReference section */
		D776A7842A3A2BC100C1630C /* XCRemoteSwiftPackageReference "SwiftlyFolderUtilities" */ = {
			isa = XCRemoteSwiftPackageReference;
			repositoryURL = "https://github.com/Desbeers/SwiftlyFolderUtilities";
			requirement = {
				branch = main;
				kind = branch;
			};
		};
/* End XCRemoteSwiftPackageReference section */

/* Begin XCSwiftPackageProductDependency section */
		D776A7852A3A2BC100C1630C /* SwiftlyFolderUtilities */ = {
			isa = XCSwiftPackageProductDependency;
			package = D776A7842A3A2BC100C1630C /* XCRemoteSwiftPackageReference "SwiftlyFolderUtilities" */;
			productName = SwiftlyFolderUtilities;
		};
/* End XCSwiftPackageProductDependency section */
	};
	rootObject = D739D2BC23B36419006EF379 /* Project object */;
}
