{
  "originHash" : "795114708a25ac684debe6a370a6b478473b6e548f98dae78b830646e1e5a3a7",
  "pins" : [
    {
      "identity" : "swiftlyalertmessage",
      "kind" : "remoteSourceControl",
      "location" : "https://github.com/Desbeers/SwiftlyAlertMessage",
      "state" : {
        "branch" : "main",
        "revision" : "a44b877b34ddfd0093a38c575c73261d7944493b"
      }
    },
    {
      "identity" : "swiftlyfolderutilities",
      "kind" : "remoteSourceControl",
      "location" : "https://github.com/Desbeers/SwiftlyFolderUtilities",
      "state" : {
        "branch" : "main",
        "revision" : "3335858a2e3f953018d933c5484aa8b4d681d11a"
      }
    },
    {
      "identity" : "swiftlystructcache",
      "kind" : "remoteSourceControl",
      "location" : "https://github.com/Desbeers/SwiftlyStructCache",
      "state" : {
        "branch" : "main",
        "revision" : "e9b371734411f18e98982944ad213756b7f891fb"
      }
    },
    {
      "identity" : "swiftlyterminalutilities",
      "kind" : "remoteSourceControl",
      "location" : "https://github.com/Desbeers/SwiftlyTerminalUtilities",
      "state" : {
        "branch" : "main",
        "revision" : "b54b05009bac9d25945f3698afb4f4387393fde2"
      }
    }
  ],
  "version" : 3
}
