{
  "originHash" : "52291eb0cffed5030d89330bdd411dd6db21b6f407436135aac174a416c5a62c",
  "pins" : [
    {
      "identity" : "swiftlyalertmessage",
      "kind" : "remoteSourceControl",
      "location" : "https://github.com/Desbeers/SwiftlyAlertMessage",
      "state" : {
        "branch" : "main",
        "revision" : "a44b877b34ddfd0093a38c575c73261d7944493b"
      }
    },
    {
      "identity" : "swiftlystructcache",
      "kind" : "remoteSourceControl",
      "location" : "https://github.com/Desbeers/SwiftlyStructCache",
      "state" : {
        "branch" : "main",
        "revision" : "e9b371734411f18e98982944ad213756b7f891fb"
      }
    },
    {
      "identity" : "swiftlyterminalutilities",
      "kind" : "remoteSourceControl",
      "location" : "https://github.com/Desbeers/SwiftlyTerminalUtilities",
      "state" : {
        "branch" : "main",
        "revision" : "b54b05009bac9d25945f3698afb4f4387393fde2"
      }
    }
  ],
  "version" : 3
}
