{
  "originHash" : "065387951bc6b24fee3bc77d2089600b179899f06b79f0a0030d2514c199255d",
  "pins" : [
    {
      "identity" : "swiftlyfolderutilities",
      "kind" : "remoteSourceControl",
      "location" : "https://github.com/Desbeers/SwiftlyFolderUtilities",
      "state" : {
        "branch" : "main",
        "revision" : "3335858a2e3f953018d933c5484aa8b4d681d11a"
      }
    },
    {
      "identity" : "swiftlyterminalutilities",
      "kind" : "remoteSourceControl",
      "location" : "https://github.com/Desbeers/SwiftlyTerminalUtilities",
      "state" : {
        "branch" : "main",
        "revision" : "a28dc55bff0a4b9e64bfec0389d3e100a6b68917"
      }
    }
  ],
  "version" : 3
}
