{
  "pins" : [
    {
      "identity" : "swiftlyfolderutilities",
      "kind" : "remoteSourceControl",
      "location" : "https://github.com/Desbeers/SwiftlyFolderUtilities",
      "state" : {
        "branch" : "main",
        "revision" : "d9ed46a973feccc1aa72994b36c2bdb5f7cc8cdb"
      }
    },
    {
      "identity" : "swiftlyterminalutilities",
      "kind" : "remoteSourceControl",
      "location" : "https://github.com/Desbeers/SwiftlyTerminalUtilities",
      "state" : {
        "branch" : "main",
        "revision" : "a28dc55bff0a4b9e64bfec0389d3e100a6b68917"
      }
    }
  ],
  "version" : 2
}
